
Microsoft Visual Studio Solution File, Format Version 12.00
# Visual Studio 15
VisualStudioVersion = 15.0.27130.2020
MinimumVisualStudioVersion = 10.0.40219.1
Project("{9A19103F-16F7-4668-BE54-9A1E7A4F7556}") = "core-hystrix-recommendation-service", "core-hystrix-recommendation-service.csproj", "{F2B2BF54-146D-49BD-A526-A87E9C4556C5}"
EndProject
Global
	GlobalSection(SolutionConfigurationPlatforms) = preSolution
		Debug|Any CPU = Debug|Any CPU
		Release|Any CPU = Release|Any CPU
	EndGlobalSection
	GlobalSection(ProjectConfigurationPlatforms) = postSolution
		{F2B2BF54-146D-49BD-A526-A87E9C4556C5}.Debug|Any CPU.ActiveCfg = Debug|Any CPU
		{F2B2BF54-146D-49BD-A526-A87E9C4556C5}.Debug|Any CPU.Build.0 = Debug|Any CPU
		{F2B2BF54-146D-49BD-A526-A87E9C4556C5}.Release|Any CPU.ActiveCfg = Release|Any CPU
		{F2B2BF54-146D-49BD-A526-A87E9C4556C5}.Release|Any CPU.Build.0 = Release|Any CPU
	EndGlobalSection
	GlobalSection(SolutionProperties) = preSolution
		HideSolutionNode = FALSE
	EndGlobalSection
	GlobalSection(ExtensibilityGlobals) = postSolution
		SolutionGuid = {63854B26-2A4B-4516-B884-F93548EB452C}
	EndGlobalSection
EndGlobal
