
Microsoft Visual Studio Solution File, Format Version 12.00
# Visual Studio 15
VisualStudioVersion = 15.0.27130.2020
MinimumVisualStudioVersion = 10.0.40219.1
Project("{9A19103F-16F7-4668-BE54-9A1E7A4F7556}") = "core-hystrix-wrapper-ui", "core-hystrix-wrapper-ui.csproj", "{56A631D2-E93C-4150-9F30-6D753E87D85B}"
EndProject
Project("{9A19103F-16F7-4668-BE54-9A1E7A4F7556}") = "zipkin4net", "..\..\zipkin4net-master\Src\zipkin4net\Src\zipkin4net.csproj", "{5F3523E4-BC86-4DD4-8C76-93B0BD74F99C}"
EndProject
Project("{9A19103F-16F7-4668-BE54-9A1E7A4F7556}") = "zipkin4net.middleware.aspnetcore", "..\..\zipkin4net-master\Src\zipkin4net.middleware.aspnetcore\Src\zipkin4net.middleware.aspnetcore.csproj", "{97C51DF6-23AD-4550-BFCB-F640A23FB583}"
EndProject
Global
	GlobalSection(SolutionConfigurationPlatforms) = preSolution
		Debug|Any CPU = Debug|Any CPU
		Release|Any CPU = Release|Any CPU
	EndGlobalSection
	GlobalSection(ProjectConfigurationPlatforms) = postSolution
		{56A631D2-E93C-4150-9F30-6D753E87D85B}.Debug|Any CPU.ActiveCfg = Debug|Any CPU
		{56A631D2-E93C-4150-9F30-6D753E87D85B}.Debug|Any CPU.Build.0 = Debug|Any CPU
		{56A631D2-E93C-4150-9F30-6D753E87D85B}.Release|Any CPU.ActiveCfg = Release|Any CPU
		{56A631D2-E93C-4150-9F30-6D753E87D85B}.Release|Any CPU.Build.0 = Release|Any CPU
		{5F3523E4-BC86-4DD4-8C76-93B0BD74F99C}.Debug|Any CPU.ActiveCfg = Debug|Any CPU
		{5F3523E4-BC86-4DD4-8C76-93B0BD74F99C}.Debug|Any CPU.Build.0 = Debug|Any CPU
		{5F3523E4-BC86-4DD4-8C76-93B0BD74F99C}.Release|Any CPU.ActiveCfg = Release|Any CPU
		{5F3523E4-BC86-4DD4-8C76-93B0BD74F99C}.Release|Any CPU.Build.0 = Release|Any CPU
		{97C51DF6-23AD-4550-BFCB-F640A23FB583}.Debug|Any CPU.ActiveCfg = Debug|Any CPU
		{97C51DF6-23AD-4550-BFCB-F640A23FB583}.Debug|Any CPU.Build.0 = Debug|Any CPU
		{97C51DF6-23AD-4550-BFCB-F640A23FB583}.Release|Any CPU.ActiveCfg = Release|Any CPU
		{97C51DF6-23AD-4550-BFCB-F640A23FB583}.Release|Any CPU.Build.0 = Release|Any CPU
	EndGlobalSection
	GlobalSection(SolutionProperties) = preSolution
		HideSolutionNode = FALSE
	EndGlobalSection
	GlobalSection(ExtensibilityGlobals) = postSolution
		SolutionGuid = {8880D400-7488-4BCC-A8CD-178E38BAEA99}
	EndGlobalSection
EndGlobal
